
Microsoft Visual Studio Solution File, Format Version 12.00
# Visual Studio Version 17
VisualStudioVersion = 17.12.35506.116
MinimumVisualStudioVersion = 10.0.40219.1
Project("{FAE04EC0-301F-11D3-BF4B-00C04F79EFBC}") = "CloudWork.Web", "CloudWork\CloudWork.Web.csproj", "{1B8C97B1-EA49-4E9B-838B-E1848367C75B}"
EndProject
Project("{2150E333-8FDC-42A3-9474-1A3956D46DE8}") = "setup", "setup", "{504FA00B-A167-4298-ADD6-1F2840ABBF1E}"
	ProjectSection(SolutionItems) = preProject
		setup_docker_sqlserver.sh = setup_docker_sqlserver.sh
	EndProjectSection
EndProject
Project("{FAE04EC0-301F-11D3-BF4B-00C04F79EFBC}") = "CloudWork.Model", "CloudWork.Model\CloudWork.Model.csproj", "{70C2E18E-A2B1-4902-BF08-E13AD796AAFE}"
EndProject
Project("{FAE04EC0-301F-11D3-BF4B-00C04F79EFBC}") = "CloudWork.Repository", "CloudWork.Repository\CloudWork.Repository.csproj", "{059123B3-6348-4406-B2C6-0E30BFC3ABF5}"
	ProjectSection(ProjectDependencies) = postProject
		{70C2E18E-A2B1-4902-BF08-E13AD796AAFE} = {70C2E18E-A2B1-4902-BF08-E13AD796AAFE}
	EndProjectSection
EndProject
Project("{FAE04EC0-301F-11D3-BF4B-00C04F79EFBC}") = "CloudWork.Service", "CloudWork.Service\CloudWork.Service.csproj", "{B6DE4D51-4010-4C2A-ABF5-E7283602B78B}"
EndProject
Project("{FAE04EC0-301F-11D3-BF4B-00C04F79EFBC}") = "CloudWork.Test", "CloudWork.Test\CloudWork.Test.csproj", "{DAC42905-15D5-44BB-B792-1179E9E97FCE}"
EndProject
Project("{FAE04EC0-301F-11D3-BF4B-00C04F79EFBC}") = "CloudWork.Common", "CloudWork.Common\CloudWork.Common.csproj", "{5F2138D5-03CF-4BD6-BECF-88C02FFF3803}"
EndProject
Global
	GlobalSection(SolutionConfigurationPlatforms) = preSolution
		Debug|Any CPU = Debug|Any CPU
		Release|Any CPU = Release|Any CPU
	EndGlobalSection
	GlobalSection(ProjectConfigurationPlatforms) = postSolution
		{1B8C97B1-EA49-4E9B-838B-E1848367C75B}.Debug|Any CPU.ActiveCfg = Debug|Any CPU
		{1B8C97B1-EA49-4E9B-838B-E1848367C75B}.Debug|Any CPU.Build.0 = Debug|Any CPU
		{1B8C97B1-EA49-4E9B-838B-E1848367C75B}.Release|Any CPU.ActiveCfg = Release|Any CPU
		{1B8C97B1-EA49-4E9B-838B-E1848367C75B}.Release|Any CPU.Build.0 = Release|Any CPU
		{70C2E18E-A2B1-4902-BF08-E13AD796AAFE}.Debug|Any CPU.ActiveCfg = Debug|Any CPU
		{70C2E18E-A2B1-4902-BF08-E13AD796AAFE}.Debug|Any CPU.Build.0 = Debug|Any CPU
		{70C2E18E-A2B1-4902-BF08-E13AD796AAFE}.Release|Any CPU.ActiveCfg = Release|Any CPU
		{70C2E18E-A2B1-4902-BF08-E13AD796AAFE}.Release|Any CPU.Build.0 = Release|Any CPU
		{059123B3-6348-4406-B2C6-0E30BFC3ABF5}.Debug|Any CPU.ActiveCfg = Debug|Any CPU
		{059123B3-6348-4406-B2C6-0E30BFC3ABF5}.Debug|Any CPU.Build.0 = Debug|Any CPU
		{059123B3-6348-4406-B2C6-0E30BFC3ABF5}.Release|Any CPU.ActiveCfg = Release|Any CPU
		{059123B3-6348-4406-B2C6-0E30BFC3ABF5}.Release|Any CPU.Build.0 = Release|Any CPU
		{B6DE4D51-4010-4C2A-ABF5-E7283602B78B}.Debug|Any CPU.ActiveCfg = Debug|Any CPU
		{B6DE4D51-4010-4C2A-ABF5-E7283602B78B}.Debug|Any CPU.Build.0 = Debug|Any CPU
		{B6DE4D51-4010-4C2A-ABF5-E7283602B78B}.Release|Any CPU.ActiveCfg = Release|Any CPU
		{B6DE4D51-4010-4C2A-ABF5-E7283602B78B}.Release|Any CPU.Build.0 = Release|Any CPU
		{DAC42905-15D5-44BB-B792-1179E9E97FCE}.Debug|Any CPU.ActiveCfg = Debug|Any CPU
		{DAC42905-15D5-44BB-B792-1179E9E97FCE}.Debug|Any CPU.Build.0 = Debug|Any CPU
		{DAC42905-15D5-44BB-B792-1179E9E97FCE}.Release|Any CPU.ActiveCfg = Release|Any CPU
		{DAC42905-15D5-44BB-B792-1179E9E97FCE}.Release|Any CPU.Build.0 = Release|Any CPU
		{5F2138D5-03CF-4BD6-BECF-88C02FFF3803}.Debug|Any CPU.ActiveCfg = Debug|Any CPU
		{5F2138D5-03CF-4BD6-BECF-88C02FFF3803}.Debug|Any CPU.Build.0 = Debug|Any CPU
		{5F2138D5-03CF-4BD6-BECF-88C02FFF3803}.Release|Any CPU.ActiveCfg = Release|Any CPU
		{5F2138D5-03CF-4BD6-BECF-88C02FFF3803}.Release|Any CPU.Build.0 = Release|Any CPU
	EndGlobalSection
	GlobalSection(SolutionProperties) = preSolution
		HideSolutionNode = FALSE
	EndGlobalSection
EndGlobal
