
Microsoft Visual Studio Solution File, Format Version 12.00
# Visual Studio Version 17
VisualStudioVersion = 17.12.35506.116
MinimumVisualStudioVersion = 10.0.40219.1
Project("{FAE04EC0-301F-11D3-BF4B-00C04F79EFBC}") = "CloudWork", "MVC\CloudWork\CloudWork.csproj", "{1B8C97B1-EA49-4E9B-838B-E1848367C75B}"
EndProject
Project("{2150E333-8FDC-42A3-9474-1A3956D46DE8}") = "setup", "setup", "{504FA00B-A167-4298-ADD6-1F2840ABBF1E}"
	ProjectSection(SolutionItems) = preProject
		setup\setup_docker_sqlserver.sh = setup\setup_docker_sqlserver.sh
		setup_Juidge_env.sh = setup_Juidge_env.sh
	EndProjectSection
EndProject
Project("{FAE04EC0-301F-11D3-BF4B-00C04F79EFBC}") = "CloudWork.Model", "MVC\CloudWork.Model\CloudWork.Model.csproj", "{70C2E18E-A2B1-4902-BF08-E13AD796AAFE}"
EndProject
Project("{FAE04EC0-301F-11D3-BF4B-00C04F79EFBC}") = "CloudWork.Repository", "MVC\CloudWork.Repository\CloudWork.Repository.csproj", "{059123B3-6348-4406-B2C6-0E30BFC3ABF5}"
	ProjectSection(ProjectDependencies) = postProject
		{70C2E18E-A2B1-4902-BF08-E13AD796AAFE} = {70C2E18E-A2B1-4902-BF08-E13AD796AAFE}
	EndProjectSection
EndProject
Project("{FAE04EC0-301F-11D3-BF4B-00C04F79EFBC}") = "CloudWork.Service", "MVC\CloudWork.Service\CloudWork.Service.csproj", "{B6DE4D51-4010-4C2A-ABF5-E7283602B78B}"
EndProject
Project("{FAE04EC0-301F-11D3-BF4B-00C04F79EFBC}") = "CloudWork.Test", "MVC\CloudWork.Test\CloudWork.Test.csproj", "{DAC42905-15D5-44BB-B792-1179E9E97FCE}"
EndProject
Project("{FAE04EC0-301F-11D3-BF4B-00C04F79EFBC}") = "CloudWork.Common", "MVC\CloudWork.Common\CloudWork.Common.csproj", "{5F2138D5-03CF-4BD6-BECF-88C02FFF3803}"
EndProject
Project("{2150E333-8FDC-42A3-9474-1A3956D46DE8}") = "MVC", "MVC", "{0B9E3E61-FD08-455C-9C61-38F36EFAE271}"
EndProject
Project("{FAE04EC0-301F-11D3-BF4B-00C04F79EFBC}") = "App.Core", "API\App.Core\App.Core.csproj", "{61BA9B80-131E-4D60-B24E-F02E10541752}"
EndProject
Project("{2150E333-8FDC-42A3-9474-1A3956D46DE8}") = "shell", "shell", "{02EA681E-C7D8-13C7-8484-4AC65E1B71E8}"
	ProjectSection(SolutionItems) = preProject
		..\shell\cleancontainer.sh = ..\shell\cleancontainer.sh
		..\shell\compile.sh = ..\shell\compile.sh
		..\shell\runtests.sh = ..\shell\runtests.sh
		..\shell\startcontainer.sh = ..\shell\startcontainer.sh
	EndProjectSection
EndProject
Global
	GlobalSection(SolutionConfigurationPlatforms) = preSolution
		Debug|Any CPU = Debug|Any CPU
		Release|Any CPU = Release|Any CPU
	EndGlobalSection
	GlobalSection(ProjectConfigurationPlatforms) = postSolution
		{1B8C97B1-EA49-4E9B-838B-E1848367C75B}.Debug|Any CPU.ActiveCfg = Debug|Any CPU
		{1B8C97B1-EA49-4E9B-838B-E1848367C75B}.Debug|Any CPU.Build.0 = Debug|Any CPU
		{1B8C97B1-EA49-4E9B-838B-E1848367C75B}.Release|Any CPU.ActiveCfg = Release|Any CPU
		{1B8C97B1-EA49-4E9B-838B-E1848367C75B}.Release|Any CPU.Build.0 = Release|Any CPU
		{70C2E18E-A2B1-4902-BF08-E13AD796AAFE}.Debug|Any CPU.ActiveCfg = Debug|Any CPU
		{70C2E18E-A2B1-4902-BF08-E13AD796AAFE}.Debug|Any CPU.Build.0 = Debug|Any CPU
		{70C2E18E-A2B1-4902-BF08-E13AD796AAFE}.Release|Any CPU.ActiveCfg = Release|Any CPU
		{70C2E18E-A2B1-4902-BF08-E13AD796AAFE}.Release|Any CPU.Build.0 = Release|Any CPU
		{059123B3-6348-4406-B2C6-0E30BFC3ABF5}.Debug|Any CPU.ActiveCfg = Debug|Any CPU
		{059123B3-6348-4406-B2C6-0E30BFC3ABF5}.Debug|Any CPU.Build.0 = Debug|Any CPU
		{059123B3-6348-4406-B2C6-0E30BFC3ABF5}.Release|Any CPU.ActiveCfg = Release|Any CPU
		{059123B3-6348-4406-B2C6-0E30BFC3ABF5}.Release|Any CPU.Build.0 = Release|Any CPU
		{B6DE4D51-4010-4C2A-ABF5-E7283602B78B}.Debug|Any CPU.ActiveCfg = Debug|Any CPU
		{B6DE4D51-4010-4C2A-ABF5-E7283602B78B}.Debug|Any CPU.Build.0 = Debug|Any CPU
		{B6DE4D51-4010-4C2A-ABF5-E7283602B78B}.Release|Any CPU.ActiveCfg = Release|Any CPU
		{B6DE4D51-4010-4C2A-ABF5-E7283602B78B}.Release|Any CPU.Build.0 = Release|Any CPU
		{DAC42905-15D5-44BB-B792-1179E9E97FCE}.Debug|Any CPU.ActiveCfg = Debug|Any CPU
		{DAC42905-15D5-44BB-B792-1179E9E97FCE}.Debug|Any CPU.Build.0 = Debug|Any CPU
		{DAC42905-15D5-44BB-B792-1179E9E97FCE}.Release|Any CPU.ActiveCfg = Release|Any CPU
		{DAC42905-15D5-44BB-B792-1179E9E97FCE}.Release|Any CPU.Build.0 = Release|Any CPU
		{5F2138D5-03CF-4BD6-BECF-88C02FFF3803}.Debug|Any CPU.ActiveCfg = Debug|Any CPU
		{5F2138D5-03CF-4BD6-BECF-88C02FFF3803}.Debug|Any CPU.Build.0 = Debug|Any CPU
		{5F2138D5-03CF-4BD6-BECF-88C02FFF3803}.Release|Any CPU.ActiveCfg = Release|Any CPU
		{5F2138D5-03CF-4BD6-BECF-88C02FFF3803}.Release|Any CPU.Build.0 = Release|Any CPU
		{61BA9B80-131E-4D60-B24E-F02E10541752}.Debug|Any CPU.ActiveCfg = Debug|Any CPU
		{61BA9B80-131E-4D60-B24E-F02E10541752}.Debug|Any CPU.Build.0 = Debug|Any CPU
		{61BA9B80-131E-4D60-B24E-F02E10541752}.Release|Any CPU.ActiveCfg = Release|Any CPU
		{61BA9B80-131E-4D60-B24E-F02E10541752}.Release|Any CPU.Build.0 = Release|Any CPU
	EndGlobalSection
	GlobalSection(SolutionProperties) = preSolution
		HideSolutionNode = FALSE
	EndGlobalSection
	GlobalSection(NestedProjects) = preSolution
		{1B8C97B1-EA49-4E9B-838B-E1848367C75B} = {0B9E3E61-FD08-455C-9C61-38F36EFAE271}
		{70C2E18E-A2B1-4902-BF08-E13AD796AAFE} = {0B9E3E61-FD08-455C-9C61-38F36EFAE271}
		{059123B3-6348-4406-B2C6-0E30BFC3ABF5} = {0B9E3E61-FD08-455C-9C61-38F36EFAE271}
		{B6DE4D51-4010-4C2A-ABF5-E7283602B78B} = {0B9E3E61-FD08-455C-9C61-38F36EFAE271}
		{DAC42905-15D5-44BB-B792-1179E9E97FCE} = {0B9E3E61-FD08-455C-9C61-38F36EFAE271}
		{5F2138D5-03CF-4BD6-BECF-88C02FFF3803} = {0B9E3E61-FD08-455C-9C61-38F36EFAE271}
		{02EA681E-C7D8-13C7-8484-4AC65E1B71E8} = {504FA00B-A167-4298-ADD6-1F2840ABBF1E}
	EndGlobalSection
	GlobalSection(ExtensibilityGlobals) = postSolution
		SolutionGuid = {143B74BD-E30E-4C8D-8C71-503692F96218}
	EndGlobalSection
EndGlobal
